// !$*UTF8*$!
{
	archiveVersion = 1;
	classes = {
	};
	objectVersion = 56;
	objects = {

/* Begin PBXBuildFile section */
		1A51A56B2B4F19FF00FCB63F /* SelectorView.swift in Sources */ = {isa = PBXBuildFile; fileRef = 1A51A56A2B4F19FF00FCB63F /* SelectorView.swift */; };
		1A5D017A2B963949006DBBE4 /* SaveButtonStyle.swift in Sources */ = {isa = PBXBuildFile; fileRef = 1A5D01792B963949006DBBE4 /* SaveButtonStyle.swift */; };
		1A663D972B487D2000BB9B79 /* AddDepartmentView.swift in Sources */ = {isa = PBXBuildFile; fileRef = 1A663D962B487D2000BB9B79 /* AddDepartmentView.swift */; };
		1A663D9B2B487DB200BB9B79 /* DefaultJSON.swift in Sources */ = {isa = PBXBuildFile; fileRef = 1A663D9A2B487DB200BB9B79 /* DefaultJSON.swift */; };
		1ABB8CAF2B4B01CD002C7D69 /* MedicationSelectionView.swift in Sources */ = {isa = PBXBuildFile; fileRef = 1ABB8CAE2B4B01CD002C7D69 /* MedicationSelectionView.swift */; };
		1ABB8CB12B4B04AC002C7D69 /* AddMedicationView.swift in Sources */ = {isa = PBXBuildFile; fileRef = 1ABB8CB02B4B04AB002C7D69 /* AddMedicationView.swift */; };
		1AE5DA9E2B4C4AD6002AB2DA /* PatientsContainer.swift in Sources */ = {isa = PBXBuildFile; fileRef = 1AE5DA9D2B4C4AD6002AB2DA /* PatientsContainer.swift */; };
		1AE5DAA02B4C4DCA002AB2DA /* DepartmentsJSONDecoder.swift in Sources */ = {isa = PBXBuildFile; fileRef = 1AE5DA9F2B4C4DCA002AB2DA /* DepartmentsJSONDecoder.swift */; };
		1AE5DAA22B4C5CDC002AB2DA /* MedicationsJSONDecoder.swift in Sources */ = {isa = PBXBuildFile; fileRef = 1AE5DAA12B4C5CDC002AB2DA /* MedicationsJSONDecoder.swift */; };
		1AF3E3A92B46FC0900139AFD /* PatientDataApp.swift in Sources */ = {isa = PBXBuildFile; fileRef = 1AF3E3A82B46FC0900139AFD /* PatientDataApp.swift */; };
		1AF3E3AB2B46FC0900139AFD /* ContentView.swift in Sources */ = {isa = PBXBuildFile; fileRef = 1AF3E3AA2B46FC0900139AFD /* ContentView.swift */; };
		1AF3E3AD2B46FC0A00139AFD /* Assets.xcassets in Resources */ = {isa = PBXBuildFile; fileRef = 1AF3E3AC2B46FC0A00139AFD /* Assets.xcassets */; };
		1AF3E3B02B46FC0A00139AFD /* Preview Assets.xcassets in Resources */ = {isa = PBXBuildFile; fileRef = 1AF3E3AF2B46FC0A00139AFD /* Preview Assets.xcassets */; };
		1AF3E3B82B46FC2900139AFD /* Patient.swift in Sources */ = {isa = PBXBuildFile; fileRef = 1AF3E3B72B46FC2900139AFD /* Patient.swift */; };
		1AF3E3BA2B46FC6800139AFD /* Medication.swift in Sources */ = {isa = PBXBuildFile; fileRef = 1AF3E3B92B46FC6800139AFD /* Medication.swift */; };
		1AF3E3BC2B46FC8C00139AFD /* Department.swift in Sources */ = {isa = PBXBuildFile; fileRef = 1AF3E3BB2B46FC8C00139AFD /* Department.swift */; };
		1AF3E3BF2B46FCAA00139AFD /* SortOrder.swift in Sources */ = {isa = PBXBuildFile; fileRef = 1AF3E3BE2B46FCAA00139AFD /* SortOrder.swift */; };
		1AF3E3C12B46FE8300139AFD /* MainTabView.swift in Sources */ = {isa = PBXBuildFile; fileRef = 1AF3E3C02B46FE8200139AFD /* MainTabView.swift */; };
		1AF3E3C32B46FE9900139AFD /* PatientListView.swift in Sources */ = {isa = PBXBuildFile; fileRef = 1AF3E3C22B46FE9900139AFD /* PatientListView.swift */; };
		1AF3E3C52B4700AF00139AFD /* PatientList.swift in Sources */ = {isa = PBXBuildFile; fileRef = 1AF3E3C42B4700AF00139AFD /* PatientList.swift */; };
		1AF3E3C82B4707F100139AFD /* MedicationDefaults.json in Resources */ = {isa = PBXBuildFile; fileRef = 1AF3E3C72B4707F100139AFD /* MedicationDefaults.json */; };
		1AF3E3CA2B4707FB00139AFD /* DepartmentDefaults.json in Resources */ = {isa = PBXBuildFile; fileRef = 1AF3E3C92B4707FB00139AFD /* DepartmentDefaults.json */; };
		1AF3E3CC2B470F6A00139AFD /* EditPatientView.swift in Sources */ = {isa = PBXBuildFile; fileRef = 1AF3E3CB2B470F6A00139AFD /* EditPatientView.swift */; };
		1AF3E3CE2B470F9F00139AFD /* PatientMedications.swift in Sources */ = {isa = PBXBuildFile; fileRef = 1AF3E3CD2B470F9F00139AFD /* PatientMedications.swift */; };
		1AF3E3D42B471AF800139AFD /* AddPatientView.swift in Sources */ = {isa = PBXBuildFile; fileRef = 1AF3E3D32B471AF800139AFD /* AddPatientView.swift */; };
/* End PBXBuildFile section */

/* Begin PBXFileReference section */
		1A51A56A2B4F19FF00FCB63F /* SelectorView.swift */ = {isa = PBXFileReference; lastKnownFileType = sourcecode.swift; path = SelectorView.swift; sourceTree = "<group>"; };
		1A5D01792B963949006DBBE4 /* SaveButtonStyle.swift */ = {isa = PBXFileReference; lastKnownFileType = sourcecode.swift; path = SaveButtonStyle.swift; sourceTree = "<group>"; };
		1A663D962B487D2000BB9B79 /* AddDepartmentView.swift */ = {isa = PBXFileReference; lastKnownFileType = sourcecode.swift; path = AddDepartmentView.swift; sourceTree = "<group>"; };
		1A663D9A2B487DB200BB9B79 /* DefaultJSON.swift */ = {isa = PBXFileReference; lastKnownFileType = sourcecode.swift; path = DefaultJSON.swift; sourceTree = "<group>"; };
		1ABB8CAE2B4B01CD002C7D69 /* MedicationSelectionView.swift */ = {isa = PBXFileReference; lastKnownFileType = sourcecode.swift; path = MedicationSelectionView.swift; sourceTree = "<group>"; };
		1ABB8CB02B4B04AB002C7D69 /* AddMedicationView.swift */ = {isa = PBXFileReference; lastKnownFileType = sourcecode.swift; path = AddMedicationView.swift; sourceTree = "<group>"; };
		1AE5DA9D2B4C4AD6002AB2DA /* PatientsContainer.swift */ = {isa = PBXFileReference; lastKnownFileType = sourcecode.swift; path = PatientsContainer.swift; sourceTree = "<group>"; };
		1AE5DA9F2B4C4DCA002AB2DA /* DepartmentsJSONDecoder.swift */ = {isa = PBXFileReference; lastKnownFileType = sourcecode.swift; path = DepartmentsJSONDecoder.swift; sourceTree = "<group>"; };
		1AE5DAA12B4C5CDC002AB2DA /* MedicationsJSONDecoder.swift */ = {isa = PBXFileReference; fileEncoding = 4; lastKnownFileType = sourcecode.swift; path = MedicationsJSONDecoder.swift; sourceTree = "<group>"; };
		1AF3E3A52B46FC0900139AFD /* PatientData.app */ = {isa = PBXFileReference; explicitFileType = wrapper.application; includeInIndex = 0; path = PatientData.app; sourceTree = BUILT_PRODUCTS_DIR; };
		1AF3E3A82B46FC0900139AFD /* PatientDataApp.swift */ = {isa = PBXFileReference; lastKnownFileType = sourcecode.swift; path = PatientDataApp.swift; sourceTree = "<group>"; };
		1AF3E3AA2B46FC0900139AFD /* ContentView.swift */ = {isa = PBXFileReference; lastKnownFileType = sourcecode.swift; path = ContentView.swift; sourceTree = "<group>"; };
		1AF3E3AC2B46FC0A00139AFD /* Assets.xcassets */ = {isa = PBXFileReference; lastKnownFileType = folder.assetcatalog; path = Assets.xcassets; sourceTree = "<group>"; };
		1AF3E3AF2B46FC0A00139AFD /* Preview Assets.xcassets */ = {isa = PBXFileReference; lastKnownFileType = folder.assetcatalog; path = "Preview Assets.xcassets"; sourceTree = "<group>"; };
		1AF3E3B72B46FC2900139AFD /* Patient.swift */ = {isa = PBXFileReference; lastKnownFileType = sourcecode.swift; path = Patient.swift; sourceTree = "<group>"; };
		1AF3E3B92B46FC6800139AFD /* Medication.swift */ = {isa = PBXFileReference; lastKnownFileType = sourcecode.swift; path = Medication.swift; sourceTree = "<group>"; };
		1AF3E3BB2B46FC8C00139AFD /* Department.swift */ = {isa = PBXFileReference; lastKnownFileType = sourcecode.swift; path = Department.swift; sourceTree = "<group>"; };
		1AF3E3BE2B46FCAA00139AFD /* SortOrder.swift */ = {isa = PBXFileReference; lastKnownFileType = sourcecode.swift; path = SortOrder.swift; sourceTree = "<group>"; };
		1AF3E3C02B46FE8200139AFD /* MainTabView.swift */ = {isa = PBXFileReference; lastKnownFileType = sourcecode.swift; path = MainTabView.swift; sourceTree = "<group>"; };
		1AF3E3C22B46FE9900139AFD /* PatientListView.swift */ = {isa = PBXFileReference; lastKnownFileType = sourcecode.swift; path = PatientListView.swift; sourceTree = "<group>"; };
		1AF3E3C42B4700AF00139AFD /* PatientList.swift */ = {isa = PBXFileReference; lastKnownFileType = sourcecode.swift; path = PatientList.swift; sourceTree = "<group>"; };
		1AF3E3C72B4707F100139AFD /* MedicationDefaults.json */ = {isa = PBXFileReference; fileEncoding = 4; lastKnownFileType = text.json; path = MedicationDefaults.json; sourceTree = "<group>"; };
		1AF3E3C92B4707FB00139AFD /* DepartmentDefaults.json */ = {isa = PBXFileReference; fileEncoding = 4; lastKnownFileType = text.json; path = DepartmentDefaults.json; sourceTree = "<group>"; };
		1AF3E3CB2B470F6A00139AFD /* EditPatientView.swift */ = {isa = PBXFileReference; lastKnownFileType = sourcecode.swift; path = EditPatientView.swift; sourceTree = "<group>"; };
		1AF3E3CD2B470F9F00139AFD /* PatientMedications.swift */ = {isa = PBXFileReference; lastKnownFileType = sourcecode.swift; path = PatientMedications.swift; sourceTree = "<group>"; };
		1AF3E3D32B471AF800139AFD /* AddPatientView.swift */ = {isa = PBXFileReference; lastKnownFileType = sourcecode.swift; path = AddPatientView.swift; sourceTree = "<group>"; };
/* End PBXFileReference section */

/* Begin PBXFrameworksBuildPhase section */
		1AF3E3A22B46FC0900139AFD /* Frameworks */ = {
			isa = PBXFrameworksBuildPhase;
			buildActionMask = 2147483647;
			files = (
			);
			runOnlyForDeploymentPostprocessing = 0;
		};
/* End PBXFrameworksBuildPhase section */

/* Begin PBXGroup section */
		1A5D01782B963930006DBBE4 /* CustomView */ = {
			isa = PBXGroup;
			children = (
				1A5D01792B963949006DBBE4 /* SaveButtonStyle.swift */,
			);
			path = CustomView;
			sourceTree = "<group>";
		};
		1A663D952B487D0D00BB9B79 /* Department */ = {
			isa = PBXGroup;
			children = (
				1A663D962B487D2000BB9B79 /* AddDepartmentView.swift */,
			);
			path = Department;
			sourceTree = "<group>";
		};
		1A663D982B487D8F00BB9B79 /* Data */ = {
			isa = PBXGroup;
			children = (
				1AF3E3C92B4707FB00139AFD /* DepartmentDefaults.json */,
				1AF3E3C72B4707F100139AFD /* MedicationDefaults.json */,
			);
			path = Data;
			sourceTree = "<group>";
		};
		1A663D992B487D9D00BB9B79 /* Decoder */ = {
			isa = PBXGroup;
			children = (
				1A663D9A2B487DB200BB9B79 /* DefaultJSON.swift */,
				1AE5DA9D2B4C4AD6002AB2DA /* PatientsContainer.swift */,
				1AE5DA9F2B4C4DCA002AB2DA /* DepartmentsJSONDecoder.swift */,
				1AE5DAA12B4C5CDC002AB2DA /* MedicationsJSONDecoder.swift */,
			);
			path = Decoder;
			sourceTree = "<group>";
		};
		1A663D9C2B487DE600BB9B79 /* Medication */ = {
			isa = PBXGroup;
			children = (
				1ABB8CAE2B4B01CD002C7D69 /* MedicationSelectionView.swift */,
				1ABB8CB02B4B04AB002C7D69 /* AddMedicationView.swift */,
				1A51A56A2B4F19FF00FCB63F /* SelectorView.swift */,
			);
			path = Medication;
			sourceTree = "<group>";
		};
		1AF3E39C2B46FC0900139AFD = {
			isa = PBXGroup;
			children = (
				1AF3E3A72B46FC0900139AFD /* PatientData */,
				1AF3E3A62B46FC0900139AFD /* Products */,
			);
			sourceTree = "<group>";
		};
		1AF3E3A62B46FC0900139AFD /* Products */ = {
			isa = PBXGroup;
			children = (
				1AF3E3A52B46FC0900139AFD /* PatientData.app */,
			);
			name = Products;
			sourceTree = "<group>";
		};
		1AF3E3A72B46FC0900139AFD /* PatientData */ = {
			isa = PBXGroup;
			children = (
				1A5D01782B963930006DBBE4 /* CustomView */,
				1AF3E3A82B46FC0900139AFD /* PatientDataApp.swift */,
				1A663D952B487D0D00BB9B79 /* Department */,
				1AF3E3CF2B4717E400139AFD /* Home */,
				1AF3E3D02B47180400139AFD /* Patient */,
				1A663D9C2B487DE600BB9B79 /* Medication */,
				1AF3E3C62B4707E400139AFD /* JSON */,
				1AF3E3B62B46FC1E00139AFD /* Model */,
				1AF3E3AC2B46FC0A00139AFD /* Assets.xcassets */,
				1AF3E3AE2B46FC0A00139AFD /* Preview Content */,
			);
			path = PatientData;
			sourceTree = "<group>";
		};
		1AF3E3AE2B46FC0A00139AFD /* Preview Content */ = {
			isa = PBXGroup;
			children = (
				1AF3E3AF2B46FC0A00139AFD /* Preview Assets.xcassets */,
			);
			path = "Preview Content";
			sourceTree = "<group>";
		};
		1AF3E3B62B46FC1E00139AFD /* Model */ = {
			isa = PBXGroup;
			children = (
				1AF3E3BD2B46FC9F00139AFD /* Enum */,
				1AF3E3B72B46FC2900139AFD /* Patient.swift */,
				1AF3E3B92B46FC6800139AFD /* Medication.swift */,
				1AF3E3BB2B46FC8C00139AFD /* Department.swift */,
			);
			path = Model;
			sourceTree = "<group>";
		};
		1AF3E3BD2B46FC9F00139AFD /* Enum */ = {
			isa = PBXGroup;
			children = (
				1AF3E3BE2B46FCAA00139AFD /* SortOrder.swift */,
			);
			path = Enum;
			sourceTree = "<group>";
		};
		1AF3E3C62B4707E400139AFD /* JSON */ = {
			isa = PBXGroup;
			children = (
				1A663D992B487D9D00BB9B79 /* Decoder */,
				1A663D982B487D8F00BB9B79 /* Data */,
			);
			path = JSON;
			sourceTree = "<group>";
		};
		1AF3E3CF2B4717E400139AFD /* Home */ = {
			isa = PBXGroup;
			children = (
				1AF3E3C02B46FE8200139AFD /* MainTabView.swift */,
				1AF3E3AA2B46FC0900139AFD /* ContentView.swift */,
			);
			path = Home;
			sourceTree = "<group>";
		};
		1AF3E3D02B47180400139AFD /* Patient */ = {
			isa = PBXGroup;
			children = (
				1AF3E3D52B471B2A00139AFD /* Subviews */,
				1AF3E3D22B47185000139AFD /* Views */,
			);
			path = Patient;
			sourceTree = "<group>";
		};
		1AF3E3D22B47185000139AFD /* Views */ = {
			isa = PBXGroup;
			children = (
				1AF3E3C22B46FE9900139AFD /* PatientListView.swift */,
				1AF3E3C42B4700AF00139AFD /* PatientList.swift */,
				1AF3E3D32B471AF800139AFD /* AddPatientView.swift */,
				1AF3E3CB2B470F6A00139AFD /* EditPatientView.swift */,
			);
			path = Views;
			sourceTree = "<group>";
		};
		1AF3E3D52B471B2A00139AFD /* Subviews */ = {
			isa = PBXGroup;
			children = (
				1AF3E3CD2B470F9F00139AFD /* PatientMedications.swift */,
			);
			path = Subviews;
			sourceTree = "<group>";
		};
/* End PBXGroup section */

/* Begin PBXNativeTarget section */
		1AF3E3A42B46FC0900139AFD /* PatientData */ = {
			isa = PBXNativeTarget;
			buildConfigurationList = 1AF3E3B32B46FC0A00139AFD /* Build configuration list for PBXNativeTarget "PatientData" */;
			buildPhases = (
				1AF3E3A12B46FC0900139AFD /* Sources */,
				1AF3E3A22B46FC0900139AFD /* Frameworks */,
				1AF3E3A32B46FC0900139AFD /* Resources */,
			);
			buildRules = (
			);
			dependencies = (
			);
			name = PatientData;
			productName = PatientData;
			productReference = 1AF3E3A52B46FC0900139AFD /* PatientData.app */;
			productType = "com.apple.product-type.application";
		};
/* End PBXNativeTarget section */

/* Begin PBXProject section */
		1AF3E39D2B46FC0900139AFD /* Project object */ = {
			isa = PBXProject;
			attributes = {
				BuildIndependentTargetsInParallel = 1;
				LastSwiftUpdateCheck = 1510;
				LastUpgradeCheck = 1510;
				TargetAttributes = {
					1AF3E3A42B46FC0900139AFD = {
						CreatedOnToolsVersion = 15.1;
					};
				};
			};
			buildConfigurationList = 1AF3E3A02B46FC0900139AFD /* Build configuration list for PBXProject "PatientData" */;
			compatibilityVersion = "Xcode 14.0";
			developmentRegion = en;
			hasScannedForEncodings = 0;
			knownRegions = (
				en,
				Base,
			);
			mainGroup = 1AF3E39C2B46FC0900139AFD;
			productRefGroup = 1AF3E3A62B46FC0900139AFD /* Products */;
			projectDirPath = "";
			projectRoot = "";
			targets = (
				1AF3E3A42B46FC0900139AFD /* PatientData */,
			);
		};
/* End PBXProject section */

/* Begin PBXResourcesBuildPhase section */
		1AF3E3A32B46FC0900139AFD /* Resources */ = {
			isa = PBXResourcesBuildPhase;
			buildActionMask = 2147483647;
			files = (
				1AF3E3B02B46FC0A00139AFD /* Preview Assets.xcassets in Resources */,
				1AF3E3C82B4707F100139AFD /* MedicationDefaults.json in Resources */,
				1AF3E3AD2B46FC0A00139AFD /* Assets.xcassets in Resources */,
				1AF3E3CA2B4707FB00139AFD /* DepartmentDefaults.json in Resources */,
			);
			runOnlyForDeploymentPostprocessing = 0;
		};
/* End PBXResourcesBuildPhase section */

/* Begin PBXSourcesBuildPhase section */
		1AF3E3A12B46FC0900139AFD /* Sources */ = {
			isa = PBXSourcesBuildPhase;
			buildActionMask = 2147483647;
			files = (
				1AF3E3D42B471AF800139AFD /* AddPatientView.swift in Sources */,
				1AF3E3BA2B46FC6800139AFD /* Medication.swift in Sources */,
				1AF3E3AB2B46FC0900139AFD /* ContentView.swift in Sources */,
				1ABB8CB12B4B04AC002C7D69 /* AddMedicationView.swift in Sources */,
				1AE5DAA02B4C4DCA002AB2DA /* DepartmentsJSONDecoder.swift in Sources */,
				1AF3E3C52B4700AF00139AFD /* PatientList.swift in Sources */,
				1AF3E3BC2B46FC8C00139AFD /* Department.swift in Sources */,
				1AF3E3CC2B470F6A00139AFD /* EditPatientView.swift in Sources */,
				1AE5DAA22B4C5CDC002AB2DA /* MedicationsJSONDecoder.swift in Sources */,
				1A51A56B2B4F19FF00FCB63F /* SelectorView.swift in Sources */,
				1A663D972B487D2000BB9B79 /* AddDepartmentView.swift in Sources */,
				1AF3E3A92B46FC0900139AFD /* PatientDataApp.swift in Sources */,
				1AF3E3C32B46FE9900139AFD /* PatientListView.swift in Sources */,
				1A663D9B2B487DB200BB9B79 /* DefaultJSON.swift in Sources */,
				1AF3E3C12B46FE8300139AFD /* MainTabView.swift in Sources */,
				1A5D017A2B963949006DBBE4 /* SaveButtonStyle.swift in Sources */,
				1ABB8CAF2B4B01CD002C7D69 /* MedicationSelectionView.swift in Sources */,
				1AF3E3BF2B46FCAA00139AFD /* SortOrder.swift in Sources */,
				1AE5DA9E2B4C4AD6002AB2DA /* PatientsContainer.swift in Sources */,
				1AF3E3CE2B470F9F00139AFD /* PatientMedications.swift in Sources */,
				1AF3E3B82B46FC2900139AFD /* Patient.swift in Sources */,
			);
			runOnlyForDeploymentPostprocessing = 0;
		};
/* End PBXSourcesBuildPhase section */

/* Begin XCBuildConfiguration section */
		1AF3E3B12B46FC0A00139AFD /* Debug */ = {
			isa = XCBuildConfiguration;
			buildSettings = {
				ALWAYS_SEARCH_USER_PATHS = NO;
				ASSETCATALOG_COMPILER_GENERATE_SWIFT_ASSET_SYMBOL_EXTENSIONS = YES;
				CLANG_ANALYZER_NONNULL = YES;
				CLANG_ANALYZER_NUMBER_OBJECT_CONVERSION = YES_AGGRESSIVE;
				CLANG_CXX_LANGUAGE_STANDARD = "gnu++20";
				CLANG_ENABLE_MODULES = YES;
				CLANG_ENABLE_OBJC_ARC = YES;
				CLANG_ENABLE_OBJC_WEAK = YES;
				CLANG_WARN_BLOCK_CAPTURE_AUTORELEASING = YES;
				CLANG_WARN_BOOL_CONVERSION = YES;
				CLANG_WARN_COMMA = YES;
				CLANG_WARN_CONSTANT_CONVERSION = YES;
				CLANG_WARN_DEPRECATED_OBJC_IMPLEMENTATIONS = YES;
				CLANG_WARN_DIRECT_OBJC_ISA_USAGE = YES_ERROR;
				CLANG_WARN_DOCUMENTATION_COMMENTS = YES;
				CLANG_WARN_EMPTY_BODY = YES;
				CLANG_WARN_ENUM_CONVERSION = YES;
				CLANG_WARN_INFINITE_RECURSION = YES;
				CLANG_WARN_INT_CONVERSION = YES;
				CLANG_WARN_NON_LITERAL_NULL_CONVERSION = YES;
				CLANG_WARN_OBJC_IMPLICIT_RETAIN_SELF = YES;
				CLANG_WARN_OBJC_LITERAL_CONVERSION = YES;
				CLANG_WARN_OBJC_ROOT_CLASS = YES_ERROR;
				CLANG_WARN_QUOTED_INCLUDE_IN_FRAMEWORK_HEADER = YES;
				CLANG_WARN_RANGE_LOOP_ANALYSIS = YES;
				CLANG_WARN_STRICT_PROTOTYPES = YES;
				CLANG_WARN_SUSPICIOUS_MOVE = YES;
				CLANG_WARN_UNGUARDED_AVAILABILITY = YES_AGGRESSIVE;
				CLANG_WARN_UNREACHABLE_CODE = YES;
				CLANG_WARN__DUPLICATE_METHOD_MATCH = YES;
				COPY_PHASE_STRIP = NO;
				DEBUG_INFORMATION_FORMAT = dwarf;
				ENABLE_STRICT_OBJC_MSGSEND = YES;
				ENABLE_TESTABILITY = YES;
				ENABLE_USER_SCRIPT_SANDBOXING = YES;
				GCC_C_LANGUAGE_STANDARD = gnu17;
				GCC_DYNAMIC_NO_PIC = NO;
				GCC_NO_COMMON_BLOCKS = YES;
				GCC_OPTIMIZATION_LEVEL = 0;
				GCC_PREPROCESSOR_DEFINITIONS = (
					"DEBUG=1",
					"$(inherited)",
				);
				GCC_WARN_64_TO_32_BIT_CONVERSION = YES;
				GCC_WARN_ABOUT_RETURN_TYPE = YES_ERROR;
				GCC_WARN_UNDECLARED_SELECTOR = YES;
				GCC_WARN_UNINITIALIZED_AUTOS = YES_AGGRESSIVE;
				GCC_WARN_UNUSED_FUNCTION = YES;
				GCC_WARN_UNUSED_VARIABLE = YES;
				IPHONEOS_DEPLOYMENT_TARGET = 17.2;
				LOCALIZATION_PREFERS_STRING_CATALOGS = YES;
				MTL_ENABLE_DEBUG_INFO = INCLUDE_SOURCE;
				MTL_FAST_MATH = YES;
				ONLY_ACTIVE_ARCH = YES;
				SDKROOT = iphoneos;
				SWIFT_ACTIVE_COMPILATION_CONDITIONS = "DEBUG $(inherited)";
				SWIFT_OPTIMIZATION_LEVEL = "-Onone";
			};
			name = Debug;
		};
		1AF3E3B22B46FC0A00139AFD /* Release */ = {
			isa = XCBuildConfiguration;
			buildSettings = {
				ALWAYS_SEARCH_USER_PATHS = NO;
				ASSETCATALOG_COMPILER_GENERATE_SWIFT_ASSET_SYMBOL_EXTENSIONS = YES;
				CLANG_ANALYZER_NONNULL = YES;
				CLANG_ANALYZER_NUMBER_OBJECT_CONVERSION = YES_AGGRESSIVE;
				CLANG_CXX_LANGUAGE_STANDARD = "gnu++20";
				CLANG_ENABLE_MODULES = YES;
				CLANG_ENABLE_OBJC_ARC = YES;
				CLANG_ENABLE_OBJC_WEAK = YES;
				CLANG_WARN_BLOCK_CAPTURE_AUTORELEASING = YES;
				CLANG_WARN_BOOL_CONVERSION = YES;
				CLANG_WARN_COMMA = YES;
				CLANG_WARN_CONSTANT_CONVERSION = YES;
				CLANG_WARN_DEPRECATED_OBJC_IMPLEMENTATIONS = YES;
				CLANG_WARN_DIRECT_OBJC_ISA_USAGE = YES_ERROR;
				CLANG_WARN_DOCUMENTATION_COMMENTS = YES;
				CLANG_WARN_EMPTY_BODY = YES;
				CLANG_WARN_ENUM_CONVERSION = YES;
				CLANG_WARN_INFINITE_RECURSION = YES;
				CLANG_WARN_INT_CONVERSION = YES;
				CLANG_WARN_NON_LITERAL_NULL_CONVERSION = YES;
				CLANG_WARN_OBJC_IMPLICIT_RETAIN_SELF = YES;
				CLANG_WARN_OBJC_LITERAL_CONVERSION = YES;
				CLANG_WARN_OBJC_ROOT_CLASS = YES_ERROR;
				CLANG_WARN_QUOTED_INCLUDE_IN_FRAMEWORK_HEADER = YES;
				CLANG_WARN_RANGE_LOOP_ANALYSIS = YES;
				CLANG_WARN_STRICT_PROTOTYPES = YES;
				CLANG_WARN_SUSPICIOUS_MOVE = YES;
				CLANG_WARN_UNGUARDED_AVAILABILITY = YES_AGGRESSIVE;
				CLANG_WARN_UNREACHABLE_CODE = YES;
				CLANG_WARN__DUPLICATE_METHOD_MATCH = YES;
				COPY_PHASE_STRIP = NO;
				DEBUG_INFORMATION_FORMAT = "dwarf-with-dsym";
				ENABLE_NS_ASSERTIONS = NO;
				ENABLE_STRICT_OBJC_MSGSEND = YES;
				ENABLE_USER_SCRIPT_SANDBOXING = YES;
				GCC_C_LANGUAGE_STANDARD = gnu17;
				GCC_NO_COMMON_BLOCKS = YES;
				GCC_WARN_64_TO_32_BIT_CONVERSION = YES;
				GCC_WARN_ABOUT_RETURN_TYPE = YES_ERROR;
				GCC_WARN_UNDECLARED_SELECTOR = YES;
				GCC_WARN_UNINITIALIZED_AUTOS = YES_AGGRESSIVE;
				GCC_WARN_UNUSED_FUNCTION = YES;
				GCC_WARN_UNUSED_VARIABLE = YES;
				IPHONEOS_DEPLOYMENT_TARGET = 17.2;
				LOCALIZATION_PREFERS_STRING_CATALOGS = YES;
				MTL_ENABLE_DEBUG_INFO = NO;
				MTL_FAST_MATH = YES;
				SDKROOT = iphoneos;
				SWIFT_COMPILATION_MODE = wholemodule;
				VALIDATE_PRODUCT = YES;
			};
			name = Release;
		};
		1AF3E3B42B46FC0A00139AFD /* Debug */ = {
			isa = XCBuildConfiguration;
			buildSettings = {
				ASSETCATALOG_COMPILER_APPICON_NAME = AppIcon;
				ASSETCATALOG_COMPILER_GLOBAL_ACCENT_COLOR_NAME = AccentColor;
				CODE_SIGN_STYLE = Automatic;
				CURRENT_PROJECT_VERSION = 1;
				DEVELOPMENT_ASSET_PATHS = "\"PatientData/Preview Content\"";
				ENABLE_PREVIEWS = YES;
				GENERATE_INFOPLIST_FILE = YES;
				INFOPLIST_KEY_UIApplicationSceneManifest_Generation = YES;
				INFOPLIST_KEY_UIApplicationSupportsIndirectInputEvents = YES;
				INFOPLIST_KEY_UILaunchScreen_Generation = YES;
				INFOPLIST_KEY_UISupportedInterfaceOrientations = UIInterfaceOrientationPortrait;
				INFOPLIST_KEY_UISupportedInterfaceOrientations_iPad = "UIInterfaceOrientationLandscapeLeft UIInterfaceOrientationLandscapeRight UIInterfaceOrientationPortrait UIInterfaceOrientationPortraitUpsideDown";
				LD_RUNPATH_SEARCH_PATHS = (
					"$(inherited)",
					"@executable_path/Frameworks",
				);
				MARKETING_VERSION = 1.0;
				PRODUCT_BUNDLE_IDENTIFIER = JimHdev.PatientData;
				PRODUCT_NAME = "$(TARGET_NAME)";
				SWIFT_EMIT_LOC_STRINGS = YES;
				SWIFT_VERSION = 5.0;
				TARGETED_DEVICE_FAMILY = "1,2";
			};
			name = Debug;
		};
		1AF3E3B52B46FC0A00139AFD /* Release */ = {
			isa = XCBuildConfiguration;
			buildSettings = {
				ASSETCATALOG_COMPILER_APPICON_NAME = AppIcon;
				ASSETCATALOG_COMPILER_GLOBAL_ACCENT_COLOR_NAME = AccentColor;
				CODE_SIGN_STYLE = Automatic;
				CURRENT_PROJECT_VERSION = 1;
				DEVELOPMENT_ASSET_PATHS = "\"PatientData/Preview Content\"";
				ENABLE_PREVIEWS = YES;
				GENERATE_INFOPLIST_FILE = YES;
				INFOPLIST_KEY_UIApplicationSceneManifest_Generation = YES;
				INFOPLIST_KEY_UIApplicationSupportsIndirectInputEvents = YES;
				INFOPLIST_KEY_UILaunchScreen_Generation = YES;
				INFOPLIST_KEY_UISupportedInterfaceOrientations = UIInterfaceOrientationPortrait;
				INFOPLIST_KEY_UISupportedInterfaceOrientations_iPad = "UIInterfaceOrientationLandscapeLeft UIInterfaceOrientationLandscapeRight UIInterfaceOrientationPortrait UIInterfaceOrientationPortraitUpsideDown";
				LD_RUNPATH_SEARCH_PATHS = (
					"$(inherited)",
					"@executable_path/Frameworks",
				);
				MARKETING_VERSION = 1.0;
				PRODUCT_BUNDLE_IDENTIFIER = JimHdev.PatientData;
				PRODUCT_NAME = "$(TARGET_NAME)";
				SWIFT_EMIT_LOC_STRINGS = YES;
				SWIFT_VERSION = 5.0;
				TARGETED_DEVICE_FAMILY = "1,2";
			};
			name = Release;
		};
/* End XCBuildConfiguration section */

/* Begin XCConfigurationList section */
		1AF3E3A02B46FC0900139AFD /* Build configuration list for PBXProject "PatientData" */ = {
			isa = XCConfigurationList;
			buildConfigurations = (
				1AF3E3B12B46FC0A00139AFD /* Debug */,
				1AF3E3B22B46FC0A00139AFD /* Release */,
			);
			defaultConfigurationIsVisible = 0;
			defaultConfigurationName = Release;
		};
		1AF3E3B32B46FC0A00139AFD /* Build configuration list for PBXNativeTarget "PatientData" */ = {
			isa = XCConfigurationList;
			buildConfigurations = (
				1AF3E3B42B46FC0A00139AFD /* Debug */,
				1AF3E3B52B46FC0A00139AFD /* Release */,
			);
			defaultConfigurationIsVisible = 0;
			defaultConfigurationName = Release;
		};
/* End XCConfigurationList section */
	};
	rootObject = 1AF3E39D2B46FC0900139AFD /* Project object */;
}
